
Microsoft Visual Studio Solution File, Format Version 12.00
# Visual Studio Version 17
VisualStudioVersion = 17.5.33414.496
MinimumVisualStudioVersion = 10.0.40219.1
Project("{FAE04EC0-301F-11D3-BF4B-00C04F79EFBC}") = "tamrin 8", "tamrin 8\tamrin 8.csproj", "{AB23028E-394B-4CFB-B007-799935673C17}"
EndProject
Global
	GlobalSection(SolutionConfigurationPlatforms) = preSolution
		Debug|Any CPU = Debug|Any CPU
		Release|Any CPU = Release|Any CPU
	EndGlobalSection
	GlobalSection(ProjectConfigurationPlatforms) = postSolution
		{AB23028E-394B-4CFB-B007-799935673C17}.Debug|Any CPU.ActiveCfg = Debug|Any CPU
		{AB23028E-394B-4CFB-B007-799935673C17}.Debug|Any CPU.Build.0 = Debug|Any CPU
		{AB23028E-394B-4CFB-B007-799935673C17}.Release|Any CPU.ActiveCfg = Release|Any CPU
		{AB23028E-394B-4CFB-B007-799935673C17}.Release|Any CPU.Build.0 = Release|Any CPU
	EndGlobalSection
	GlobalSection(SolutionProperties) = preSolution
		HideSolutionNode = FALSE
	EndGlobalSection
	GlobalSection(ExtensibilityGlobals) = postSolution
		SolutionGuid = {1E6EDF83-C25E-410E-BAB6-2A47753A1CE0}
	EndGlobalSection
EndGlobal
